// !$*UTF8*$!
{
	archiveVersion = 1;
	classes = {
	};
	objectVersion = 50;
	objects = {

/* Begin PBXBuildFile section */
		49A66F7D21E87B1C0011EEA7 /* AppDelegate.swift in Sources */ = {isa = PBXBuildFile; fileRef = 49A66F7C21E87B1C0011EEA7 /* AppDelegate.swift */; };
		49A66F7F21E87B1C0011EEA7 /* ViewController.swift in Sources */ = {isa = PBXBuildFile; fileRef = 49A66F7E21E87B1C0011EEA7 /* ViewController.swift */; };
		49A66F8221E87B1C0011EEA7 /* Main.storyboard in Resources */ = {isa = PBXBuildFile; fileRef = 49A66F8021E87B1C0011EEA7 /* Main.storyboard */; };
		49A66F8421E87B1D0011EEA7 /* Assets.xcassets in Resources */ = {isa = PBXBuildFile; fileRef = 49A66F8321E87B1D0011EEA7 /* Assets.xcassets */; };
		49A66F8721E87B1D0011EEA7 /* LaunchScreen.storyboard in Resources */ = {isa = PBXBuildFile; fileRef = 49A66F8521E87B1D0011EEA7 /* LaunchScreen.storyboard */; };
		49A66F9621E87ED10011EEA7 /* GameModel.swift in Sources */ = {isa = PBXBuildFile; fileRef = 49A66F9521E87ED10011EEA7 /* GameModel.swift */; };
		49A66F9821E87EDD0011EEA7 /* AuxiliaryModels.swift in Sources */ = {isa = PBXBuildFile; fileRef = 49A66F9721E87EDD0011EEA7 /* AuxiliaryModels.swift */; };
		49A66F9B21E87F730011EEA7 /* GameboardView.swift in Sources */ = {isa = PBXBuildFile; fileRef = 49A66F9A21E87F730011EEA7 /* GameboardView.swift */; };
		49A66F9D21E87F7E0011EEA7 /* TileView.swift in Sources */ = {isa = PBXBuildFile; fileRef = 49A66F9C21E87F7E0011EEA7 /* TileView.swift */; };
		49A66F9F21E87FB00011EEA7 /* NumberTileGame.swift in Sources */ = {isa = PBXBuildFile; fileRef = 49A66F9E21E87FB00011EEA7 /* NumberTileGame.swift */; };
		49A66FA121E87FBD0011EEA7 /* AccessoryViews.swift in Sources */ = {isa = PBXBuildFile; fileRef = 49A66FA021E87FBD0011EEA7 /* AccessoryViews.swift */; };
		49A66FA321E87FC70011EEA7 /* LeaderboardTableViewCell.swift in Sources */ = {isa = PBXBuildFile; fileRef = 49A66FA221E87FC70011EEA7 /* LeaderboardTableViewCell.swift */; };
		49A66FA521E87FD10011EEA7 /* LeaderboardTableViewController.swift in Sources */ = {isa = PBXBuildFile; fileRef = 49A66FA421E87FD10011EEA7 /* LeaderboardTableViewController.swift */; };
		49A66FA721E87FDB0011EEA7 /* RankTableViewController.swift in Sources */ = {isa = PBXBuildFile; fileRef = 49A66FA621E87FDB0011EEA7 /* RankTableViewController.swift */; };
		49A66FA921E87FE50011EEA7 /* AppearanceProvider.swift in Sources */ = {isa = PBXBuildFile; fileRef = 49A66FA821E87FE50011EEA7 /* AppearanceProvider.swift */; };
		49A66FAB21E87FEE0011EEA7 /* Player.swift in Sources */ = {isa = PBXBuildFile; fileRef = 49A66FAA21E87FEE0011EEA7 /* Player.swift */; };
		55A8164621E89EDA004E345A /* Swift+GIF.swift in Sources */ = {isa = PBXBuildFile; fileRef = 55A8164521E89EDA004E345A /* Swift+GIF.swift */; };
/* End PBXBuildFile section */

/* Begin PBXFileReference section */
		49A66F7921E87B1C0011EEA7 /* 00457021_2048.app */ = {isa = PBXFileReference; explicitFileType = wrapper.application; includeInIndex = 0; path = 00457021_2048.app; sourceTree = BUILT_PRODUCTS_DIR; };
		49A66F7C21E87B1C0011EEA7 /* AppDelegate.swift */ = {isa = PBXFileReference; lastKnownFileType = sourcecode.swift; path = AppDelegate.swift; sourceTree = "<group>"; };
		49A66F7E21E87B1C0011EEA7 /* ViewController.swift */ = {isa = PBXFileReference; lastKnownFileType = sourcecode.swift; path = ViewController.swift; sourceTree = "<group>"; };
		49A66F8121E87B1C0011EEA7 /* Base */ = {isa = PBXFileReference; lastKnownFileType = file.storyboard; name = Base; path = Base.lproj/Main.storyboard; sourceTree = "<group>"; };
		49A66F8321E87B1D0011EEA7 /* Assets.xcassets */ = {isa = PBXFileReference; lastKnownFileType = folder.assetcatalog; path = Assets.xcassets; sourceTree = "<group>"; };
		49A66F8621E87B1D0011EEA7 /* Base */ = {isa = PBXFileReference; lastKnownFileType = file.storyboard; name = Base; path = Base.lproj/LaunchScreen.storyboard; sourceTree = "<group>"; };
		49A66F8821E87B1D0011EEA7 /* Info.plist */ = {isa = PBXFileReference; lastKnownFileType = text.plist.xml; path = Info.plist; sourceTree = "<group>"; };
		49A66F9521E87ED10011EEA7 /* GameModel.swift */ = {isa = PBXFileReference; lastKnownFileType = sourcecode.swift; path = GameModel.swift; sourceTree = "<group>"; };
		49A66F9721E87EDD0011EEA7 /* AuxiliaryModels.swift */ = {isa = PBXFileReference; lastKnownFileType = sourcecode.swift; path = AuxiliaryModels.swift; sourceTree = "<group>"; };
		49A66F9A21E87F730011EEA7 /* GameboardView.swift */ = {isa = PBXFileReference; lastKnownFileType = sourcecode.swift; path = GameboardView.swift; sourceTree = "<group>"; };
		49A66F9C21E87F7E0011EEA7 /* TileView.swift */ = {isa = PBXFileReference; lastKnownFileType = sourcecode.swift; path = TileView.swift; sourceTree = "<group>"; };
		49A66F9E21E87FB00011EEA7 /* NumberTileGame.swift */ = {isa = PBXFileReference; lastKnownFileType = sourcecode.swift; path = NumberTileGame.swift; sourceTree = "<group>"; };
		49A66FA021E87FBD0011EEA7 /* AccessoryViews.swift */ = {isa = PBXFileReference; lastKnownFileType = sourcecode.swift; path = AccessoryViews.swift; sourceTree = "<group>"; };
		49A66FA221E87FC70011EEA7 /* LeaderboardTableViewCell.swift */ = {isa = PBXFileReference; lastKnownFileType = sourcecode.swift; path = LeaderboardTableViewCell.swift; sourceTree = "<group>"; };
		49A66FA421E87FD10011EEA7 /* LeaderboardTableViewController.swift */ = {isa = PBXFileReference; lastKnownFileType = sourcecode.swift; path = LeaderboardTableViewController.swift; sourceTree = "<group>"; };
		49A66FA621E87FDB0011EEA7 /* RankTableViewController.swift */ = {isa = PBXFileReference; lastKnownFileType = sourcecode.swift; path = RankTableViewController.swift; sourceTree = "<group>"; };
		49A66FA821E87FE50011EEA7 /* AppearanceProvider.swift */ = {isa = PBXFileReference; lastKnownFileType = sourcecode.swift; path = AppearanceProvider.swift; sourceTree = "<group>"; };
		49A66FAA21E87FEE0011EEA7 /* Player.swift */ = {isa = PBXFileReference; lastKnownFileType = sourcecode.swift; path = Player.swift; sourceTree = "<group>"; };
		55A8164521E89EDA004E345A /* Swift+GIF.swift */ = {isa = PBXFileReference; lastKnownFileType = sourcecode.swift; name = "Swift+GIF.swift"; path = "../Swift+GIF.swift"; sourceTree = "<group>"; };
/* End PBXFileReference section */

/* Begin PBXFrameworksBuildPhase section */
		49A66F7621E87B1C0011EEA7 /* Frameworks */ = {
			isa = PBXFrameworksBuildPhase;
			buildActionMask = 2147483647;
			files = (
			);
			runOnlyForDeploymentPostprocessing = 0;
		};
/* End PBXFrameworksBuildPhase section */

/* Begin PBXGroup section */
		49A66F7021E87B1C0011EEA7 = {
			isa = PBXGroup;
			children = (
				49A66F7B21E87B1C0011EEA7 /* 00457021_2048 */,
				49A66F7A21E87B1C0011EEA7 /* Products */,
			);
			sourceTree = "<group>";
		};
		49A66F7A21E87B1C0011EEA7 /* Products */ = {
			isa = PBXGroup;
			children = (
				49A66F7921E87B1C0011EEA7 /* 00457021_2048.app */,
			);
			name = Products;
			sourceTree = "<group>";
		};
		49A66F7B21E87B1C0011EEA7 /* 00457021_2048 */ = {
			isa = PBXGroup;
			children = (
				49A66F8521E87B1D0011EEA7 /* LaunchScreen.storyboard */,
				49A66F7C21E87B1C0011EEA7 /* AppDelegate.swift */,
				49A66F7E21E87B1C0011EEA7 /* ViewController.swift */,
				49A66F8021E87B1C0011EEA7 /* Main.storyboard */,
				49A66F8321E87B1D0011EEA7 /* Assets.xcassets */,
				49A66F9421E87EB50011EEA7 /* Models */,
				49A66F9921E87F570011EEA7 /* Views */,
				49A66F9E21E87FB00011EEA7 /* NumberTileGame.swift */,
				49A66FA021E87FBD0011EEA7 /* AccessoryViews.swift */,
				49A66FA221E87FC70011EEA7 /* LeaderboardTableViewCell.swift */,
				49A66FA421E87FD10011EEA7 /* LeaderboardTableViewController.swift */,
				49A66FA621E87FDB0011EEA7 /* RankTableViewController.swift */,
				49A66FA821E87FE50011EEA7 /* AppearanceProvider.swift */,
				55A8164521E89EDA004E345A /* Swift+GIF.swift */,
				49A66FAA21E87FEE0011EEA7 /* Player.swift */,
				49A66F8821E87B1D0011EEA7 /* Info.plist */,
			);
			path = 00457021_2048;
			sourceTree = "<group>";
		};
		49A66F9421E87EB50011EEA7 /* Models */ = {
			isa = PBXGroup;
			children = (
				49A66F9521E87ED10011EEA7 /* GameModel.swift */,
				49A66F9721E87EDD0011EEA7 /* AuxiliaryModels.swift */,
			);
			path = Models;
			sourceTree = "<group>";
		};
		49A66F9921E87F570011EEA7 /* Views */ = {
			isa = PBXGroup;
			children = (
				49A66F9A21E87F730011EEA7 /* GameboardView.swift */,
				49A66F9C21E87F7E0011EEA7 /* TileView.swift */,
			);
			path = Views;
			sourceTree = "<group>";
		};
/* End PBXGroup section */

/* Begin PBXNativeTarget section */
		49A66F7821E87B1C0011EEA7 /* 00457021_2048 */ = {
			isa = PBXNativeTarget;
			buildConfigurationList = 49A66F8B21E87B1D0011EEA7 /* Build configuration list for PBXNativeTarget "00457021_2048" */;
			buildPhases = (
				49A66F7521E87B1C0011EEA7 /* Sources */,
				49A66F7621E87B1C0011EEA7 /* Frameworks */,
				49A66F7721E87B1C0011EEA7 /* Resources */,
			);
			buildRules = (
			);
			dependencies = (
			);
			name = 00457021_2048;
			productName = 00457021_2048;
			productReference = 49A66F7921E87B1C0011EEA7 /* 00457021_2048.app */;
			productType = "com.apple.product-type.application";
		};
/* End PBXNativeTarget section */

/* Begin PBXProject section */
		49A66F7121E87B1C0011EEA7 /* Project object */ = {
			isa = PBXProject;
			attributes = {
				LastSwiftUpdateCheck = 1000;
				LastUpgradeCheck = 1000;
				ORGANIZATIONNAME = 00457021_2048;
				TargetAttributes = {
					49A66F7821E87B1C0011EEA7 = {
						CreatedOnToolsVersion = 10.0;
					};
				};
			};
			buildConfigurationList = 49A66F7421E87B1C0011EEA7 /* Build configuration list for PBXProject "00457021_2048" */;
			compatibilityVersion = "Xcode 9.3";
			developmentRegion = en;
			hasScannedForEncodings = 0;
			knownRegions = (
				en,
				Base,
			);
			mainGroup = 49A66F7021E87B1C0011EEA7;
			productRefGroup = 49A66F7A21E87B1C0011EEA7 /* Products */;
			projectDirPath = "";
			projectRoot = "";
			targets = (
				49A66F7821E87B1C0011EEA7 /* 00457021_2048 */,
			);
		};
/* End PBXProject section */

/* Begin PBXResourcesBuildPhase section */
		49A66F7721E87B1C0011EEA7 /* Resources */ = {
			isa = PBXResourcesBuildPhase;
			buildActionMask = 2147483647;
			files = (
				49A66F8721E87B1D0011EEA7 /* LaunchScreen.storyboard in Resources */,
				49A66F8421E87B1D0011EEA7 /* Assets.xcassets in Resources */,
				49A66F8221E87B1C0011EEA7 /* Main.storyboard in Resources */,
			);
			runOnlyForDeploymentPostprocessing = 0;
		};
/* End PBXResourcesBuildPhase section */

/* Begin PBXSourcesBuildPhase section */
		49A66F7521E87B1C0011EEA7 /* Sources */ = {
			isa = PBXSourcesBuildPhase;
			buildActionMask = 2147483647;
			files = (
				49A66F9F21E87FB00011EEA7 /* NumberTileGame.swift in Sources */,
				49A66FA321E87FC70011EEA7 /* LeaderboardTableViewCell.swift in Sources */,
				55A8164621E89EDA004E345A /* Swift+GIF.swift in Sources */,
				49A66FA521E87FD10011EEA7 /* LeaderboardTableViewController.swift in Sources */,
				49A66FA721E87FDB0011EEA7 /* RankTableViewController.swift in Sources */,
				49A66FAB21E87FEE0011EEA7 /* Player.swift in Sources */,
				49A66F7F21E87B1C0011EEA7 /* ViewController.swift in Sources */,
				49A66F9D21E87F7E0011EEA7 /* TileView.swift in Sources */,
				49A66F9621E87ED10011EEA7 /* GameModel.swift in Sources */,
				49A66FA121E87FBD0011EEA7 /* AccessoryViews.swift in Sources */,
				49A66F9B21E87F730011EEA7 /* GameboardView.swift in Sources */,
				49A66F7D21E87B1C0011EEA7 /* AppDelegate.swift in Sources */,
				49A66FA921E87FE50011EEA7 /* AppearanceProvider.swift in Sources */,
				49A66F9821E87EDD0011EEA7 /* AuxiliaryModels.swift in Sources */,
			);
			runOnlyForDeploymentPostprocessing = 0;
		};
/* End PBXSourcesBuildPhase section */

/* Begin PBXVariantGroup section */
		49A66F8021E87B1C0011EEA7 /* Main.storyboard */ = {
			isa = PBXVariantGroup;
			children = (
				49A66F8121E87B1C0011EEA7 /* Base */,
			);
			name = Main.storyboard;
			sourceTree = "<group>";
		};
		49A66F8521E87B1D0011EEA7 /* LaunchScreen.storyboard */ = {
			isa = PBXVariantGroup;
			children = (
				49A66F8621E87B1D0011EEA7 /* Base */,
			);
			name = LaunchScreen.storyboard;
			sourceTree = "<group>";
		};
/* End PBXVariantGroup section */

/* Begin XCBuildConfiguration section */
		49A66F8921E87B1D0011EEA7 /* Debug */ = {
			isa = XCBuildConfiguration;
			buildSettings = {
				ALWAYS_SEARCH_USER_PATHS = NO;
				CLANG_ANALYZER_NONNULL = YES;
				CLANG_ANALYZER_NUMBER_OBJECT_CONVERSION = YES_AGGRESSIVE;
				CLANG_CXX_LANGUAGE_STANDARD = "gnu++14";
				CLANG_CXX_LIBRARY = "libc++";
				CLANG_ENABLE_MODULES = YES;
				CLANG_ENABLE_OBJC_ARC = YES;
				CLANG_ENABLE_OBJC_WEAK = YES;
				CLANG_WARN_BLOCK_CAPTURE_AUTORELEASING = YES;
				CLANG_WARN_BOOL_CONVERSION = YES;
				CLANG_WARN_COMMA = YES;
				CLANG_WARN_CONSTANT_CONVERSION = YES;
				CLANG_WARN_DEPRECATED_OBJC_IMPLEMENTATIONS = YES;
				CLANG_WARN_DIRECT_OBJC_ISA_USAGE = YES_ERROR;
				CLANG_WARN_DOCUMENTATION_COMMENTS = YES;
				CLANG_WARN_EMPTY_BODY = YES;
				CLANG_WARN_ENUM_CONVERSION = YES;
				CLANG_WARN_INFINITE_RECURSION = YES;
				CLANG_WARN_INT_CONVERSION = YES;
				CLANG_WARN_NON_LITERAL_NULL_CONVERSION = YES;
				CLANG_WARN_OBJC_IMPLICIT_RETAIN_SELF = YES;
				CLANG_WARN_OBJC_LITERAL_CONVERSION = YES;
				CLANG_WARN_OBJC_ROOT_CLASS = YES_ERROR;
				CLANG_WARN_RANGE_LOOP_ANALYSIS = YES;
				CLANG_WARN_STRICT_PROTOTYPES = YES;
				CLANG_WARN_SUSPICIOUS_MOVE = YES;
				CLANG_WARN_UNGUARDED_AVAILABILITY = YES_AGGRESSIVE;
				CLANG_WARN_UNREACHABLE_CODE = YES;
				CLANG_WARN__DUPLICATE_METHOD_MATCH = YES;
				CODE_SIGN_IDENTITY = "iPhone Developer";
				COPY_PHASE_STRIP = NO;
				DEBUG_INFORMATION_FORMAT = dwarf;
				ENABLE_STRICT_OBJC_MSGSEND = YES;
				ENABLE_TESTABILITY = YES;
				GCC_C_LANGUAGE_STANDARD = gnu11;
				GCC_DYNAMIC_NO_PIC = NO;
				GCC_NO_COMMON_BLOCKS = YES;
				GCC_OPTIMIZATION_LEVEL = 0;
				GCC_PREPROCESSOR_DEFINITIONS = (
					"DEBUG=1",
					"$(inherited)",
				);
				GCC_WARN_64_TO_32_BIT_CONVERSION = YES;
				GCC_WARN_ABOUT_RETURN_TYPE = YES_ERROR;
				GCC_WARN_UNDECLARED_SELECTOR = YES;
				GCC_WARN_UNINITIALIZED_AUTOS = YES_AGGRESSIVE;
				GCC_WARN_UNUSED_FUNCTION = YES;
				GCC_WARN_UNUSED_VARIABLE = YES;
				IPHONEOS_DEPLOYMENT_TARGET = 12.0;
				MTL_ENABLE_DEBUG_INFO = INCLUDE_SOURCE;
				MTL_FAST_MATH = YES;
				ONLY_ACTIVE_ARCH = YES;
				SDKROOT = iphoneos;
				SWIFT_ACTIVE_COMPILATION_CONDITIONS = DEBUG;
				SWIFT_OPTIMIZATION_LEVEL = "-Onone";
			};
			name = Debug;
		};
		49A66F8A21E87B1D0011EEA7 /* Release */ = {
			isa = XCBuildConfiguration;
			buildSettings = {
				ALWAYS_SEARCH_USER_PATHS = NO;
				CLANG_ANALYZER_NONNULL = YES;
				CLANG_ANALYZER_NUMBER_OBJECT_CONVERSION = YES_AGGRESSIVE;
				CLANG_CXX_LANGUAGE_STANDARD = "gnu++14";
				CLANG_CXX_LIBRARY = "libc++";
				CLANG_ENABLE_MODULES = YES;
				CLANG_ENABLE_OBJC_ARC = YES;
				CLANG_ENABLE_OBJC_WEAK = YES;
				CLANG_WARN_BLOCK_CAPTURE_AUTORELEASING = YES;
				CLANG_WARN_BOOL_CONVERSION = YES;
				CLANG_WARN_COMMA = YES;
				CLANG_WARN_CONSTANT_CONVERSION = YES;
				CLANG_WARN_DEPRECATED_OBJC_IMPLEMENTATIONS = YES;
				CLANG_WARN_DIRECT_OBJC_ISA_USAGE = YES_ERROR;
				CLANG_WARN_DOCUMENTATION_COMMENTS = YES;
				CLANG_WARN_EMPTY_BODY = YES;
				CLANG_WARN_ENUM_CONVERSION = YES;
				CLANG_WARN_INFINITE_RECURSION = YES;
				CLANG_WARN_INT_CONVERSION = YES;
				CLANG_WARN_NON_LITERAL_NULL_CONVERSION = YES;
				CLANG_WARN_OBJC_IMPLICIT_RETAIN_SELF = YES;
				CLANG_WARN_OBJC_LITERAL_CONVERSION = YES;
				CLANG_WARN_OBJC_ROOT_CLASS = YES_ERROR;
				CLANG_WARN_RANGE_LOOP_ANALYSIS = YES;
				CLANG_WARN_STRICT_PROTOTYPES = YES;
				CLANG_WARN_SUSPICIOUS_MOVE = YES;
				CLANG_WARN_UNGUARDED_AVAILABILITY = YES_AGGRESSIVE;
				CLANG_WARN_UNREACHABLE_CODE = YES;
				CLANG_WARN__DUPLICATE_METHOD_MATCH = YES;
				CODE_SIGN_IDENTITY = "iPhone Developer";
				COPY_PHASE_STRIP = NO;
				DEBUG_INFORMATION_FORMAT = "dwarf-with-dsym";
				ENABLE_NS_ASSERTIONS = NO;
				ENABLE_STRICT_OBJC_MSGSEND = YES;
				GCC_C_LANGUAGE_STANDARD = gnu11;
				GCC_NO_COMMON_BLOCKS = YES;
				GCC_WARN_64_TO_32_BIT_CONVERSION = YES;
				GCC_WARN_ABOUT_RETURN_TYPE = YES_ERROR;
				GCC_WARN_UNDECLARED_SELECTOR = YES;
				GCC_WARN_UNINITIALIZED_AUTOS = YES_AGGRESSIVE;
				GCC_WARN_UNUSED_FUNCTION = YES;
				GCC_WARN_UNUSED_VARIABLE = YES;
				IPHONEOS_DEPLOYMENT_TARGET = 12.0;
				MTL_ENABLE_DEBUG_INFO = NO;
				MTL_FAST_MATH = YES;
				SDKROOT = iphoneos;
				SWIFT_COMPILATION_MODE = wholemodule;
				SWIFT_OPTIMIZATION_LEVEL = "-O";
				VALIDATE_PRODUCT = YES;
			};
			name = Release;
		};
		49A66F8C21E87B1D0011EEA7 /* Debug */ = {
			isa = XCBuildConfiguration;
			buildSettings = {
				ASSETCATALOG_COMPILER_APPICON_NAME = AppIcon;
				CODE_SIGN_STYLE = Automatic;
				INFOPLIST_FILE = 00457021_2048/Info.plist;
				LD_RUNPATH_SEARCH_PATHS = (
					"$(inherited)",
					"@executable_path/Frameworks",
				);
				PRODUCT_BUNDLE_IDENTIFIER = "user16.-0457021-2048";
				PRODUCT_NAME = "$(TARGET_NAME)";
				SWIFT_VERSION = 4.2;
				TARGETED_DEVICE_FAMILY = "1,2";
			};
			name = Debug;
		};
		49A66F8D21E87B1D0011EEA7 /* Release */ = {
			isa = XCBuildConfiguration;
			buildSettings = {
				ASSETCATALOG_COMPILER_APPICON_NAME = AppIcon;
				CODE_SIGN_STYLE = Automatic;
				INFOPLIST_FILE = 00457021_2048/Info.plist;
				LD_RUNPATH_SEARCH_PATHS = (
					"$(inherited)",
					"@executable_path/Frameworks",
				);
				PRODUCT_BUNDLE_IDENTIFIER = "user16.-0457021-2048";
				PRODUCT_NAME = "$(TARGET_NAME)";
				SWIFT_VERSION = 4.2;
				TARGETED_DEVICE_FAMILY = "1,2";
			};
			name = Release;
		};
/* End XCBuildConfiguration section */

/* Begin XCConfigurationList section */
		49A66F7421E87B1C0011EEA7 /* Build configuration list for PBXProject "00457021_2048" */ = {
			isa = XCConfigurationList;
			buildConfigurations = (
				49A66F8921E87B1D0011EEA7 /* Debug */,
				49A66F8A21E87B1D0011EEA7 /* Release */,
			);
			defaultConfigurationIsVisible = 0;
			defaultConfigurationName = Release;
		};
		49A66F8B21E87B1D0011EEA7 /* Build configuration list for PBXNativeTarget "00457021_2048" */ = {
			isa = XCConfigurationList;
			buildConfigurations = (
				49A66F8C21E87B1D0011EEA7 /* Debug */,
				49A66F8D21E87B1D0011EEA7 /* Release */,
			);
			defaultConfigurationIsVisible = 0;
			defaultConfigurationName = Release;
		};
/* End XCConfigurationList section */
	};
	rootObject = 49A66F7121E87B1C0011EEA7 /* Project object */;
}
